
Microsoft Visual Studio Solution File, Format Version 12.00
# Visual Studio Version 16
VisualStudioVersion = 16.0.30611.23
MinimumVisualStudioVersion = 10.0.40219.1
Project("{FAE04EC0-301F-11D3-BF4B-00C04F79EFBC}") = "XamrinAss6.Android", "XamrinAss6\XamrinAss6.Android\XamrinAss6.Android.csproj", "{36C7D25C-3585-4851-85F2-A415E508567A}"
EndProject
Project("{FAE04EC0-301F-11D3-BF4B-00C04F79EFBC}") = "XamrinAss6.iOS", "XamrinAss6\XamrinAss6.iOS\XamrinAss6.iOS.csproj", "{82235309-C2B1-431E-9601-A71199C6F148}"
EndProject
Project("{FAE04EC0-301F-11D3-BF4B-00C04F79EFBC}") = "XamrinAss6", "XamrinAss6\XamrinAss6\XamrinAss6.csproj", "{4FBE3100-FDEC-4322-BB47-8F664BC416F8}"
EndProject
Global
	GlobalSection(SolutionConfigurationPlatforms) = preSolution
		Debug|Any CPU = Debug|Any CPU
		Debug|iPhone = Debug|iPhone
		Debug|iPhoneSimulator = Debug|iPhoneSimulator
		Release|Any CPU = Release|Any CPU
		Release|iPhone = Release|iPhone
		Release|iPhoneSimulator = Release|iPhoneSimulator
	EndGlobalSection
	GlobalSection(ProjectConfigurationPlatforms) = postSolution
		{36C7D25C-3585-4851-85F2-A415E508567A}.Debug|Any CPU.ActiveCfg = Debug|Any CPU
		{36C7D25C-3585-4851-85F2-A415E508567A}.Debug|Any CPU.Build.0 = Debug|Any CPU
		{36C7D25C-3585-4851-85F2-A415E508567A}.Debug|Any CPU.Deploy.0 = Debug|Any CPU
		{36C7D25C-3585-4851-85F2-A415E508567A}.Debug|iPhone.ActiveCfg = Debug|Any CPU
		{36C7D25C-3585-4851-85F2-A415E508567A}.Debug|iPhone.Build.0 = Debug|Any CPU
		{36C7D25C-3585-4851-85F2-A415E508567A}.Debug|iPhone.Deploy.0 = Debug|Any CPU
		{36C7D25C-3585-4851-85F2-A415E508567A}.Debug|iPhoneSimulator.ActiveCfg = Debug|Any CPU
		{36C7D25C-3585-4851-85F2-A415E508567A}.Debug|iPhoneSimulator.Build.0 = Debug|Any CPU
		{36C7D25C-3585-4851-85F2-A415E508567A}.Debug|iPhoneSimulator.Deploy.0 = Debug|Any CPU
		{36C7D25C-3585-4851-85F2-A415E508567A}.Release|Any CPU.ActiveCfg = Release|Any CPU
		{36C7D25C-3585-4851-85F2-A415E508567A}.Release|Any CPU.Build.0 = Release|Any CPU
		{36C7D25C-3585-4851-85F2-A415E508567A}.Release|Any CPU.Deploy.0 = Release|Any CPU
		{36C7D25C-3585-4851-85F2-A415E508567A}.Release|iPhone.ActiveCfg = Release|Any CPU
		{36C7D25C-3585-4851-85F2-A415E508567A}.Release|iPhone.Build.0 = Release|Any CPU
		{36C7D25C-3585-4851-85F2-A415E508567A}.Release|iPhone.Deploy.0 = Release|Any CPU
		{36C7D25C-3585-4851-85F2-A415E508567A}.Release|iPhoneSimulator.ActiveCfg = Release|Any CPU
		{36C7D25C-3585-4851-85F2-A415E508567A}.Release|iPhoneSimulator.Build.0 = Release|Any CPU
		{36C7D25C-3585-4851-85F2-A415E508567A}.Release|iPhoneSimulator.Deploy.0 = Release|Any CPU
		{82235309-C2B1-431E-9601-A71199C6F148}.Debug|Any CPU.ActiveCfg = Debug|iPhone
		{82235309-C2B1-431E-9601-A71199C6F148}.Debug|Any CPU.Build.0 = Debug|iPhone
		{82235309-C2B1-431E-9601-A71199C6F148}.Debug|Any CPU.Deploy.0 = Debug|iPhone
		{82235309-C2B1-431E-9601-A71199C6F148}.Debug|iPhone.ActiveCfg = Debug|iPhone
		{82235309-C2B1-431E-9601-A71199C6F148}.Debug|iPhone.Build.0 = Debug|iPhone
		{82235309-C2B1-431E-9601-A71199C6F148}.Debug|iPhone.Deploy.0 = Debug|iPhone
		{82235309-C2B1-431E-9601-A71199C6F148}.Debug|iPhoneSimulator.ActiveCfg = Debug|iPhoneSimulator
		{82235309-C2B1-431E-9601-A71199C6F148}.Debug|iPhoneSimulator.Build.0 = Debug|iPhoneSimulator
		{82235309-C2B1-431E-9601-A71199C6F148}.Debug|iPhoneSimulator.Deploy.0 = Debug|iPhoneSimulator
		{82235309-C2B1-431E-9601-A71199C6F148}.Release|Any CPU.ActiveCfg = Release|iPhoneSimulator
		{82235309-C2B1-431E-9601-A71199C6F148}.Release|Any CPU.Build.0 = Release|iPhoneSimulator
		{82235309-C2B1-431E-9601-A71199C6F148}.Release|Any CPU.Deploy.0 = Release|iPhoneSimulator
		{82235309-C2B1-431E-9601-A71199C6F148}.Release|iPhone.ActiveCfg = Release|iPhone
		{82235309-C2B1-431E-9601-A71199C6F148}.Release|iPhone.Build.0 = Release|iPhone
		{82235309-C2B1-431E-9601-A71199C6F148}.Release|iPhone.Deploy.0 = Release|iPhone
		{82235309-C2B1-431E-9601-A71199C6F148}.Release|iPhoneSimulator.ActiveCfg = Release|iPhoneSimulator
		{82235309-C2B1-431E-9601-A71199C6F148}.Release|iPhoneSimulator.Build.0 = Release|iPhoneSimulator
		{82235309-C2B1-431E-9601-A71199C6F148}.Release|iPhoneSimulator.Deploy.0 = Release|iPhoneSimulator
		{4FBE3100-FDEC-4322-BB47-8F664BC416F8}.Debug|Any CPU.ActiveCfg = Debug|Any CPU
		{4FBE3100-FDEC-4322-BB47-8F664BC416F8}.Debug|Any CPU.Build.0 = Debug|Any CPU
		{4FBE3100-FDEC-4322-BB47-8F664BC416F8}.Debug|Any CPU.Deploy.0 = Debug|Any CPU
		{4FBE3100-FDEC-4322-BB47-8F664BC416F8}.Debug|iPhone.ActiveCfg = Debug|Any CPU
		{4FBE3100-FDEC-4322-BB47-8F664BC416F8}.Debug|iPhone.Build.0 = Debug|Any CPU
		{4FBE3100-FDEC-4322-BB47-8F664BC416F8}.Debug|iPhone.Deploy.0 = Debug|Any CPU
		{4FBE3100-FDEC-4322-BB47-8F664BC416F8}.Debug|iPhoneSimulator.ActiveCfg = Debug|Any CPU
		{4FBE3100-FDEC-4322-BB47-8F664BC416F8}.Debug|iPhoneSimulator.Build.0 = Debug|Any CPU
		{4FBE3100-FDEC-4322-BB47-8F664BC416F8}.Debug|iPhoneSimulator.Deploy.0 = Debug|Any CPU
		{4FBE3100-FDEC-4322-BB47-8F664BC416F8}.Release|Any CPU.ActiveCfg = Release|Any CPU
		{4FBE3100-FDEC-4322-BB47-8F664BC416F8}.Release|Any CPU.Build.0 = Release|Any CPU
		{4FBE3100-FDEC-4322-BB47-8F664BC416F8}.Release|Any CPU.Deploy.0 = Release|Any CPU
		{4FBE3100-FDEC-4322-BB47-8F664BC416F8}.Release|iPhone.ActiveCfg = Release|Any CPU
		{4FBE3100-FDEC-4322-BB47-8F664BC416F8}.Release|iPhone.Build.0 = Release|Any CPU
		{4FBE3100-FDEC-4322-BB47-8F664BC416F8}.Release|iPhone.Deploy.0 = Release|Any CPU
		{4FBE3100-FDEC-4322-BB47-8F664BC416F8}.Release|iPhoneSimulator.ActiveCfg = Release|Any CPU
		{4FBE3100-FDEC-4322-BB47-8F664BC416F8}.Release|iPhoneSimulator.Build.0 = Release|Any CPU
		{4FBE3100-FDEC-4322-BB47-8F664BC416F8}.Release|iPhoneSimulator.Deploy.0 = Release|Any CPU
	EndGlobalSection
	GlobalSection(SolutionProperties) = preSolution
		HideSolutionNode = FALSE
	EndGlobalSection
	GlobalSection(ExtensibilityGlobals) = postSolution
		SolutionGuid = {63E1CCB6-13CC-44BA-99CD-4189092C4380}
	EndGlobalSection
EndGlobal
